
Microsoft Visual Studio Solution File, Format Version 12.00
# Visual Studio Version 16
VisualStudioVersion = 16.0.29911.84
MinimumVisualStudioVersion = 10.0.40219.1
Project("{8BC9CEB8-8B4A-11D0-8D11-00A0C91BC942}") = "Lab10", "Lab10\Lab10.vcxproj", "{0C6AB63B-E09F-4FFD-ADE4-B4DCA89F7F4F}"
EndProject
Global
	GlobalSection(SolutionConfigurationPlatforms) = preSolution
		Debug|x64 = Debug|x64
		Debug|x86 = Debug|x86
		Release|x64 = Release|x64
		Release|x86 = Release|x86
	EndGlobalSection
	GlobalSection(ProjectConfigurationPlatforms) = postSolution
		{0C6AB63B-E09F-4FFD-ADE4-B4DCA89F7F4F}.Debug|x64.ActiveCfg = Debug|x64
		{0C6AB63B-E09F-4FFD-ADE4-B4DCA89F7F4F}.Debug|x64.Build.0 = Debug|x64
		{0C6AB63B-E09F-4FFD-ADE4-B4DCA89F7F4F}.Debug|x86.ActiveCfg = Debug|Win32
		{0C6AB63B-E09F-4FFD-ADE4-B4DCA89F7F4F}.Debug|x86.Build.0 = Debug|Win32
		{0C6AB63B-E09F-4FFD-ADE4-B4DCA89F7F4F}.Release|x64.ActiveCfg = Release|x64
		{0C6AB63B-E09F-4FFD-ADE4-B4DCA89F7F4F}.Release|x64.Build.0 = Release|x64
		{0C6AB63B-E09F-4FFD-ADE4-B4DCA89F7F4F}.Release|x86.ActiveCfg = Release|Win32
		{0C6AB63B-E09F-4FFD-ADE4-B4DCA89F7F4F}.Release|x86.Build.0 = Release|Win32
	EndGlobalSection
	GlobalSection(SolutionProperties) = preSolution
		HideSolutionNode = FALSE
	EndGlobalSection
	GlobalSection(ExtensibilityGlobals) = postSolution
		SolutionGuid = {6AE40948-04F0-49D8-98DF-3F158C20154E}
	EndGlobalSection
EndGlobal
